
Microsoft Visual Studio Solution File, Format Version 12.00
# Visual Studio Version 17
VisualStudioVersion = 17.0.31903.59
MinimumVisualStudioVersion = 10.0.40219.1
Project("{FAE04EC0-301F-11D3-BF4B-00C04F79EFBC}") = "KeeperData.Api", "src\KeeperData.Api\KeeperData.Api.csproj", "{7D935959-D3BE-4EDC-BAEC-541C72741633}"
EndProject
Project("{FAE04EC0-301F-11D3-BF4B-00C04F79EFBC}") = "KeeperData.Api.Tests.Component", "tests\KeeperData.Api.Tests.Component\KeeperData.Api.Tests.Component.csproj", "{5CB86A4A-162D-4A20-9403-5BB89D671BF6}"
EndProject
Project("{FAE04EC0-301F-11D3-BF4B-00C04F79EFBC}") = "KeeperData.Core", "src\KeeperData.Core\KeeperData.Core.csproj", "{99311256-6043-415D-A730-39F835DE4BF8}"
EndProject
Project("{2150E333-8FDC-42A3-9474-1A3956D46DE8}") = "tests", "tests", "{9780B59B-FFF7-481C-AA15-072631C6736C}"
EndProject
Project("{FAE04EC0-301F-11D3-BF4B-00C04F79EFBC}") = "KeeperData.Infrastructure", "src\KeeperData.Infrastructure\KeeperData.Infrastructure.csproj", "{F07A8DFD-D7A7-42C8-9850-F0C336DEC045}"
EndProject
Project("{FAE04EC0-301F-11D3-BF4B-00C04F79EFBC}") = "KeeperData.Data", "src\KeeperData.Data\KeeperData.Data.csproj", "{8256795B-5937-43DF-95C2-D41053D2D27E}"
EndProject
Project("{FAE04EC0-301F-11D3-BF4B-00C04F79EFBC}") = "KeeperData.Common", "src\KeeperData.Common\KeeperData.Common.csproj", "{F4DD4797-B666-4175-83FC-0E57F8C3DB80}"
EndProject
Project("{FAE04EC0-301F-11D3-BF4B-00C04F79EFBC}") = "KeeperData.Api.Tests.Integration", "tests\KeeperData.Api.Tests.Integration\KeeperData.Api.Tests.Integration.csproj", "{72D99550-9D4F-4374-9344-BC018111906D}"
EndProject
Project("{2150E333-8FDC-42A3-9474-1A3956D46DE8}") = "solutionitems", "solutionitems", "{B0A5300E-181B-4F81-9C8C-64F69DAAC024}"
	ProjectSection(SolutionItems) = preProject
		.gitignore = .gitignore
		docker-compose.yml = docker-compose.yml
		Dockerfile = Dockerfile
	EndProjectSection
EndProject
Project("{FAE04EC0-301F-11D3-BF4B-00C04F79EFBC}") = "KeeperData.Core.Tests.Unit", "tests\KeeperData.Core.Tests.Unit\KeeperData.Core.Tests.Unit.csproj", "{A1C6A0AD-6C5D-4698-8047-FFFB9ECD9FD9}"
EndProject
Project("{FAE04EC0-301F-11D3-BF4B-00C04F79EFBC}") = "KeeperData.Infrastructure.Tests.Unit", "tests\KeeperData.Infrastructure.Tests.Unit\KeeperData.Infrastructure.Tests.Unit.csproj", "{5BFBB1F5-7D75-411B-9A71-1325C1E22E09}"
EndProject
Project("{FAE04EC0-301F-11D3-BF4B-00C04F79EFBC}") = "KeeperData.Common.Tests.Unit", "tests\KeeperData.Common.Tests.Unit\KeeperData.Common.Tests.Unit.csproj", "{F16C919A-8FB1-4AC9-B45F-C2E29F62FF7A}"
EndProject
Global
	GlobalSection(SolutionConfigurationPlatforms) = preSolution
		Debug|Any CPU = Debug|Any CPU
		Release|Any CPU = Release|Any CPU
	EndGlobalSection
	GlobalSection(ProjectConfigurationPlatforms) = postSolution
		{7D935959-D3BE-4EDC-BAEC-541C72741633}.Debug|Any CPU.ActiveCfg = Debug|Any CPU
		{7D935959-D3BE-4EDC-BAEC-541C72741633}.Debug|Any CPU.Build.0 = Debug|Any CPU
		{7D935959-D3BE-4EDC-BAEC-541C72741633}.Release|Any CPU.ActiveCfg = Release|Any CPU
		{7D935959-D3BE-4EDC-BAEC-541C72741633}.Release|Any CPU.Build.0 = Release|Any CPU
		{5CB86A4A-162D-4A20-9403-5BB89D671BF6}.Debug|Any CPU.ActiveCfg = Debug|Any CPU
		{5CB86A4A-162D-4A20-9403-5BB89D671BF6}.Debug|Any CPU.Build.0 = Debug|Any CPU
		{5CB86A4A-162D-4A20-9403-5BB89D671BF6}.Release|Any CPU.ActiveCfg = Release|Any CPU
		{5CB86A4A-162D-4A20-9403-5BB89D671BF6}.Release|Any CPU.Build.0 = Release|Any CPU
		{99311256-6043-415D-A730-39F835DE4BF8}.Debug|Any CPU.ActiveCfg = Debug|Any CPU
		{99311256-6043-415D-A730-39F835DE4BF8}.Debug|Any CPU.Build.0 = Debug|Any CPU
		{99311256-6043-415D-A730-39F835DE4BF8}.Release|Any CPU.ActiveCfg = Release|Any CPU
		{99311256-6043-415D-A730-39F835DE4BF8}.Release|Any CPU.Build.0 = Release|Any CPU
		{F07A8DFD-D7A7-42C8-9850-F0C336DEC045}.Debug|Any CPU.ActiveCfg = Debug|Any CPU
		{F07A8DFD-D7A7-42C8-9850-F0C336DEC045}.Debug|Any CPU.Build.0 = Debug|Any CPU
		{F07A8DFD-D7A7-42C8-9850-F0C336DEC045}.Release|Any CPU.ActiveCfg = Release|Any CPU
		{F07A8DFD-D7A7-42C8-9850-F0C336DEC045}.Release|Any CPU.Build.0 = Release|Any CPU
		{8256795B-5937-43DF-95C2-D41053D2D27E}.Debug|Any CPU.ActiveCfg = Debug|Any CPU
		{8256795B-5937-43DF-95C2-D41053D2D27E}.Debug|Any CPU.Build.0 = Debug|Any CPU
		{8256795B-5937-43DF-95C2-D41053D2D27E}.Release|Any CPU.ActiveCfg = Release|Any CPU
		{8256795B-5937-43DF-95C2-D41053D2D27E}.Release|Any CPU.Build.0 = Release|Any CPU
		{F4DD4797-B666-4175-83FC-0E57F8C3DB80}.Debug|Any CPU.ActiveCfg = Debug|Any CPU
		{F4DD4797-B666-4175-83FC-0E57F8C3DB80}.Debug|Any CPU.Build.0 = Debug|Any CPU
		{F4DD4797-B666-4175-83FC-0E57F8C3DB80}.Release|Any CPU.ActiveCfg = Release|Any CPU
		{F4DD4797-B666-4175-83FC-0E57F8C3DB80}.Release|Any CPU.Build.0 = Release|Any CPU
		{72D99550-9D4F-4374-9344-BC018111906D}.Debug|Any CPU.ActiveCfg = Debug|Any CPU
		{72D99550-9D4F-4374-9344-BC018111906D}.Debug|Any CPU.Build.0 = Debug|Any CPU
		{72D99550-9D4F-4374-9344-BC018111906D}.Release|Any CPU.ActiveCfg = Release|Any CPU
		{72D99550-9D4F-4374-9344-BC018111906D}.Release|Any CPU.Build.0 = Release|Any CPU
		{A1C6A0AD-6C5D-4698-8047-FFFB9ECD9FD9}.Debug|Any CPU.ActiveCfg = Debug|Any CPU
		{A1C6A0AD-6C5D-4698-8047-FFFB9ECD9FD9}.Debug|Any CPU.Build.0 = Debug|Any CPU
		{A1C6A0AD-6C5D-4698-8047-FFFB9ECD9FD9}.Release|Any CPU.ActiveCfg = Release|Any CPU
		{A1C6A0AD-6C5D-4698-8047-FFFB9ECD9FD9}.Release|Any CPU.Build.0 = Release|Any CPU
		{5BFBB1F5-7D75-411B-9A71-1325C1E22E09}.Debug|Any CPU.ActiveCfg = Debug|Any CPU
		{5BFBB1F5-7D75-411B-9A71-1325C1E22E09}.Debug|Any CPU.Build.0 = Debug|Any CPU
		{5BFBB1F5-7D75-411B-9A71-1325C1E22E09}.Release|Any CPU.ActiveCfg = Release|Any CPU
		{5BFBB1F5-7D75-411B-9A71-1325C1E22E09}.Release|Any CPU.Build.0 = Release|Any CPU
		{F16C919A-8FB1-4AC9-B45F-C2E29F62FF7A}.Debug|Any CPU.ActiveCfg = Debug|Any CPU
		{F16C919A-8FB1-4AC9-B45F-C2E29F62FF7A}.Debug|Any CPU.Build.0 = Debug|Any CPU
		{F16C919A-8FB1-4AC9-B45F-C2E29F62FF7A}.Release|Any CPU.ActiveCfg = Release|Any CPU
		{F16C919A-8FB1-4AC9-B45F-C2E29F62FF7A}.Release|Any CPU.Build.0 = Release|Any CPU
		{81DDED9D-158B-E303-5F62-77A2896D2A5A}.Debug|Any CPU.ActiveCfg = Debug|Any CPU
		{81DDED9D-158B-E303-5F62-77A2896D2A5A}.Debug|Any CPU.Build.0 = Debug|Any CPU
		{81DDED9D-158B-E303-5F62-77A2896D2A5A}.Release|Any CPU.ActiveCfg = Release|Any CPU
		{81DDED9D-158B-E303-5F62-77A2896D2A5A}.Release|Any CPU.Build.0 = Release|Any CPU
	EndGlobalSection
	GlobalSection(SolutionProperties) = preSolution
		HideSolutionNode = FALSE
	EndGlobalSection
	GlobalSection(NestedProjects) = preSolution
		{5CB86A4A-162D-4A20-9403-5BB89D671BF6} = {9780B59B-FFF7-481C-AA15-072631C6736C}
		{72D99550-9D4F-4374-9344-BC018111906D} = {9780B59B-FFF7-481C-AA15-072631C6736C}
		{A1C6A0AD-6C5D-4698-8047-FFFB9ECD9FD9} = {9780B59B-FFF7-481C-AA15-072631C6736C}
		{5BFBB1F5-7D75-411B-9A71-1325C1E22E09} = {9780B59B-FFF7-481C-AA15-072631C6736C}
		{F16C919A-8FB1-4AC9-B45F-C2E29F62FF7A} = {9780B59B-FFF7-481C-AA15-072631C6736C}
	EndGlobalSection
	GlobalSection(ExtensibilityGlobals) = postSolution
		SolutionGuid = {23761809-E330-42D6-B303-C5568B1FB035}
	EndGlobalSection
EndGlobal
